// !$*UTF8*$!
{
	archiveVersion = 1;
	classes = {
	};
	objectVersion = 50;
	objects = {

/* Begin PBXBuildFile section */
		3E3CBF0D0811E6C6C09D400A /* Pods_Widget.framework in Frameworks */ = {isa = PBXBuildFile; fileRef = 9EC03EF55D7D9BAEADE082B4 /* Pods_Widget.framework */; };
		A503BA00219596C3008A3E1F /* AppDelegate.swift in Sources */ = {isa = PBXBuildFile; fileRef = A503B9FF219596C3008A3E1F /* AppDelegate.swift */; };
		A503BA02219596C3008A3E1F /* ViewController.swift in Sources */ = {isa = PBXBuildFile; fileRef = A503BA01219596C3008A3E1F /* ViewController.swift */; };
		A503BA05219596C3008A3E1F /* Main.storyboard in Resources */ = {isa = PBXBuildFile; fileRef = A503BA03219596C3008A3E1F /* Main.storyboard */; };
		A503BA08219596C3008A3E1F /* Widget.xcdatamodeld in Sources */ = {isa = PBXBuildFile; fileRef = A503BA06219596C3008A3E1F /* Widget.xcdatamodeld */; };
		A503BA0A219596C5008A3E1F /* Assets.xcassets in Resources */ = {isa = PBXBuildFile; fileRef = A503BA09219596C5008A3E1F /* Assets.xcassets */; };
		A503BA0D219596C5008A3E1F /* LaunchScreen.storyboard in Resources */ = {isa = PBXBuildFile; fileRef = A503BA0B219596C5008A3E1F /* LaunchScreen.storyboard */; };
		A503BA1821959778008A3E1F /* Base.swift in Sources */ = {isa = PBXBuildFile; fileRef = A503BA1721959778008A3E1F /* Base.swift */; };
		A51EDDC32195DA9300B8AB5A /* mockJSON.mock in Resources */ = {isa = PBXBuildFile; fileRef = A51EDDC22195DA9200B8AB5A /* mockJSON.mock */; };
/* End PBXBuildFile section */

/* Begin PBXFileReference section */
		125C8E91B1A06D264891216E /* Pods-Widget.release.xcconfig */ = {isa = PBXFileReference; includeInIndex = 1; lastKnownFileType = text.xcconfig; name = "Pods-Widget.release.xcconfig"; path = "Pods/Target Support Files/Pods-Widget/Pods-Widget.release.xcconfig"; sourceTree = "<group>"; };
		33FA22852C4683DF57AA0F21 /* Pods-Widget.debug.xcconfig */ = {isa = PBXFileReference; includeInIndex = 1; lastKnownFileType = text.xcconfig; name = "Pods-Widget.debug.xcconfig"; path = "Pods/Target Support Files/Pods-Widget/Pods-Widget.debug.xcconfig"; sourceTree = "<group>"; };
		9EC03EF55D7D9BAEADE082B4 /* Pods_Widget.framework */ = {isa = PBXFileReference; explicitFileType = wrapper.framework; includeInIndex = 0; path = Pods_Widget.framework; sourceTree = BUILT_PRODUCTS_DIR; };
		A503B9FC219596C3008A3E1F /* Widget.app */ = {isa = PBXFileReference; explicitFileType = wrapper.application; includeInIndex = 0; path = Widget.app; sourceTree = BUILT_PRODUCTS_DIR; };
		A503B9FF219596C3008A3E1F /* AppDelegate.swift */ = {isa = PBXFileReference; lastKnownFileType = sourcecode.swift; path = AppDelegate.swift; sourceTree = "<group>"; };
		A503BA01219596C3008A3E1F /* ViewController.swift */ = {isa = PBXFileReference; lastKnownFileType = sourcecode.swift; path = ViewController.swift; sourceTree = "<group>"; };
		A503BA04219596C3008A3E1F /* Base */ = {isa = PBXFileReference; lastKnownFileType = file.storyboard; name = Base; path = Base.lproj/Main.storyboard; sourceTree = "<group>"; };
		A503BA07219596C3008A3E1F /* Widget.xcdatamodel */ = {isa = PBXFileReference; lastKnownFileType = wrapper.xcdatamodel; path = Widget.xcdatamodel; sourceTree = "<group>"; };
		A503BA09219596C5008A3E1F /* Assets.xcassets */ = {isa = PBXFileReference; lastKnownFileType = folder.assetcatalog; path = Assets.xcassets; sourceTree = "<group>"; };
		A503BA0C219596C5008A3E1F /* Base */ = {isa = PBXFileReference; lastKnownFileType = file.storyboard; name = Base; path = Base.lproj/LaunchScreen.storyboard; sourceTree = "<group>"; };
		A503BA0E219596C5008A3E1F /* Info.plist */ = {isa = PBXFileReference; lastKnownFileType = text.plist.xml; path = Info.plist; sourceTree = "<group>"; };
		A503BA1721959778008A3E1F /* Base.swift */ = {isa = PBXFileReference; lastKnownFileType = sourcecode.swift; path = Base.swift; sourceTree = "<group>"; };
		A51EDDC22195DA9200B8AB5A /* mockJSON.mock */ = {isa = PBXFileReference; fileEncoding = 4; lastKnownFileType = text; name = mockJSON.mock; path = ../../../../../Desktop/WidgetProject/WidgetProject/Mock/mockJSON.mock; sourceTree = "<group>"; };
/* End PBXFileReference section */

/* Begin PBXFrameworksBuildPhase section */
		A503B9F9219596C3008A3E1F /* Frameworks */ = {
			isa = PBXFrameworksBuildPhase;
			buildActionMask = 2147483647;
			files = (
				3E3CBF0D0811E6C6C09D400A /* Pods_Widget.framework in Frameworks */,
			);
			runOnlyForDeploymentPostprocessing = 0;
		};
/* End PBXFrameworksBuildPhase section */

/* Begin PBXGroup section */
		508C1026A3CDBBA2DD88D85E /* Pods */ = {
			isa = PBXGroup;
			children = (
				33FA22852C4683DF57AA0F21 /* Pods-Widget.debug.xcconfig */,
				125C8E91B1A06D264891216E /* Pods-Widget.release.xcconfig */,
			);
			name = Pods;
			sourceTree = "<group>";
		};
		65171227AA7BBC0061425A32 /* Frameworks */ = {
			isa = PBXGroup;
			children = (
				9EC03EF55D7D9BAEADE082B4 /* Pods_Widget.framework */,
			);
			name = Frameworks;
			sourceTree = "<group>";
		};
		A503B9F3219596C3008A3E1F = {
			isa = PBXGroup;
			children = (
				A503B9FE219596C3008A3E1F /* Widget */,
				A503B9FD219596C3008A3E1F /* Products */,
				508C1026A3CDBBA2DD88D85E /* Pods */,
				65171227AA7BBC0061425A32 /* Frameworks */,
			);
			sourceTree = "<group>";
		};
		A503B9FD219596C3008A3E1F /* Products */ = {
			isa = PBXGroup;
			children = (
				A503B9FC219596C3008A3E1F /* Widget.app */,
			);
			name = Products;
			sourceTree = "<group>";
		};
		A503B9FE219596C3008A3E1F /* Widget */ = {
			isa = PBXGroup;
			children = (
				A503B9FF219596C3008A3E1F /* AppDelegate.swift */,
				A503BA19219597A8008A3E1F /* Mock */,
				A503BA162195974B008A3E1F /* Model */,
				A503BA1521959744008A3E1F /* Controller */,
				A503BA142195973C008A3E1F /* View */,
				A503BA09219596C5008A3E1F /* Assets.xcassets */,
				A503BA0B219596C5008A3E1F /* LaunchScreen.storyboard */,
				A503BA0E219596C5008A3E1F /* Info.plist */,
				A503BA06219596C3008A3E1F /* Widget.xcdatamodeld */,
			);
			path = Widget;
			sourceTree = "<group>";
		};
		A503BA142195973C008A3E1F /* View */ = {
			isa = PBXGroup;
			children = (
				A503BA03219596C3008A3E1F /* Main.storyboard */,
			);
			path = View;
			sourceTree = "<group>";
		};
		A503BA1521959744008A3E1F /* Controller */ = {
			isa = PBXGroup;
			children = (
				A503BA01219596C3008A3E1F /* ViewController.swift */,
			);
			path = Controller;
			sourceTree = "<group>";
		};
		A503BA162195974B008A3E1F /* Model */ = {
			isa = PBXGroup;
			children = (
				A503BA1721959778008A3E1F /* Base.swift */,
			);
			path = Model;
			sourceTree = "<group>";
		};
		A503BA19219597A8008A3E1F /* Mock */ = {
			isa = PBXGroup;
			children = (
				A51EDDC22195DA9200B8AB5A /* mockJSON.mock */,
			);
			path = Mock;
			sourceTree = "<group>";
		};
/* End PBXGroup section */

/* Begin PBXNativeTarget section */
		A503B9FB219596C3008A3E1F /* Widget */ = {
			isa = PBXNativeTarget;
			buildConfigurationList = A503BA11219596C5008A3E1F /* Build configuration list for PBXNativeTarget "Widget" */;
			buildPhases = (
				6A1C4D8B233874A0ADA67397 /* [CP] Check Pods Manifest.lock */,
				A503B9F8219596C3008A3E1F /* Sources */,
				A503B9F9219596C3008A3E1F /* Frameworks */,
				A503B9FA219596C3008A3E1F /* Resources */,
				FCD75DD37416C3F0404DA754 /* [CP] Embed Pods Frameworks */,
			);
			buildRules = (
			);
			dependencies = (
			);
			name = Widget;
			productName = Widget;
			productReference = A503B9FC219596C3008A3E1F /* Widget.app */;
			productType = "com.apple.product-type.application";
		};
/* End PBXNativeTarget section */

/* Begin PBXProject section */
		A503B9F4219596C3008A3E1F /* Project object */ = {
			isa = PBXProject;
			attributes = {
				LastSwiftUpdateCheck = 1000;
				LastUpgradeCheck = 1000;
				ORGANIZATIONNAME = "Renoy Rahman Chowdhury";
				TargetAttributes = {
					A503B9FB219596C3008A3E1F = {
						CreatedOnToolsVersion = 10.0;
					};
				};
			};
			buildConfigurationList = A503B9F7219596C3008A3E1F /* Build configuration list for PBXProject "Widget" */;
			compatibilityVersion = "Xcode 9.3";
			developmentRegion = en;
			hasScannedForEncodings = 0;
			knownRegions = (
				en,
				Base,
			);
			mainGroup = A503B9F3219596C3008A3E1F;
			productRefGroup = A503B9FD219596C3008A3E1F /* Products */;
			projectDirPath = "";
			projectRoot = "";
			targets = (
				A503B9FB219596C3008A3E1F /* Widget */,
			);
		};
/* End PBXProject section */

/* Begin PBXResourcesBuildPhase section */
		A503B9FA219596C3008A3E1F /* Resources */ = {
			isa = PBXResourcesBuildPhase;
			buildActionMask = 2147483647;
			files = (
				A51EDDC32195DA9300B8AB5A /* mockJSON.mock in Resources */,
				A503BA0D219596C5008A3E1F /* LaunchScreen.storyboard in Resources */,
				A503BA0A219596C5008A3E1F /* Assets.xcassets in Resources */,
				A503BA05219596C3008A3E1F /* Main.storyboard in Resources */,
			);
			runOnlyForDeploymentPostprocessing = 0;
		};
/* End PBXResourcesBuildPhase section */

/* Begin PBXShellScriptBuildPhase section */
		6A1C4D8B233874A0ADA67397 /* [CP] Check Pods Manifest.lock */ = {
			isa = PBXShellScriptBuildPhase;
			buildActionMask = 2147483647;
			files = (
			);
			inputPaths = (
				"${PODS_PODFILE_DIR_PATH}/Podfile.lock",
				"${PODS_ROOT}/Manifest.lock",
			);
			name = "[CP] Check Pods Manifest.lock";
			outputPaths = (
				"$(DERIVED_FILE_DIR)/Pods-Widget-checkManifestLockResult.txt",
			);
			runOnlyForDeploymentPostprocessing = 0;
			shellPath = /bin/sh;
			shellScript = "diff \"${PODS_PODFILE_DIR_PATH}/Podfile.lock\" \"${PODS_ROOT}/Manifest.lock\" > /dev/null\nif [ $? != 0 ] ; then\n    # print error to STDERR\n    echo \"error: The sandbox is not in sync with the Podfile.lock. Run 'pod install' or update your CocoaPods installation.\" >&2\n    exit 1\nfi\n# This output is used by Xcode 'outputs' to avoid re-running this script phase.\necho \"SUCCESS\" > \"${SCRIPT_OUTPUT_FILE_0}\"\n";
			showEnvVarsInLog = 0;
		};
		FCD75DD37416C3F0404DA754 /* [CP] Embed Pods Frameworks */ = {
			isa = PBXShellScriptBuildPhase;
			buildActionMask = 2147483647;
			files = (
			);
			inputPaths = (
				"${SRCROOT}/Pods/Target Support Files/Pods-Widget/Pods-Widget-frameworks.sh",
				"${BUILT_PRODUCTS_DIR}/Alamofire/Alamofire.framework",
				"${BUILT_PRODUCTS_DIR}/AlamofireNetworkActivityIndicator/AlamofireNetworkActivityIndicator.framework",
				"${BUILT_PRODUCTS_DIR}/AlamofireObjectMapper/AlamofireObjectMapper.framework",
				"${BUILT_PRODUCTS_DIR}/ObjectMapper/ObjectMapper.framework",
				"${BUILT_PRODUCTS_DIR}/SwiftyJSON/SwiftyJSON.framework",
			);
			name = "[CP] Embed Pods Frameworks";
			outputPaths = (
				"${TARGET_BUILD_DIR}/${FRAMEWORKS_FOLDER_PATH}/Alamofire.framework",
				"${TARGET_BUILD_DIR}/${FRAMEWORKS_FOLDER_PATH}/AlamofireNetworkActivityIndicator.framework",
				"${TARGET_BUILD_DIR}/${FRAMEWORKS_FOLDER_PATH}/AlamofireObjectMapper.framework",
				"${TARGET_BUILD_DIR}/${FRAMEWORKS_FOLDER_PATH}/ObjectMapper.framework",
				"${TARGET_BUILD_DIR}/${FRAMEWORKS_FOLDER_PATH}/SwiftyJSON.framework",
			);
			runOnlyForDeploymentPostprocessing = 0;
			shellPath = /bin/sh;
			shellScript = "\"${SRCROOT}/Pods/Target Support Files/Pods-Widget/Pods-Widget-frameworks.sh\"\n";
			showEnvVarsInLog = 0;
		};
/* End PBXShellScriptBuildPhase section */

/* Begin PBXSourcesBuildPhase section */
		A503B9F8219596C3008A3E1F /* Sources */ = {
			isa = PBXSourcesBuildPhase;
			buildActionMask = 2147483647;
			files = (
				A503BA1821959778008A3E1F /* Base.swift in Sources */,
				A503BA02219596C3008A3E1F /* ViewController.swift in Sources */,
				A503BA00219596C3008A3E1F /* AppDelegate.swift in Sources */,
				A503BA08219596C3008A3E1F /* Widget.xcdatamodeld in Sources */,
			);
			runOnlyForDeploymentPostprocessing = 0;
		};
/* End PBXSourcesBuildPhase section */

/* Begin PBXVariantGroup section */
		A503BA03219596C3008A3E1F /* Main.storyboard */ = {
			isa = PBXVariantGroup;
			children = (
				A503BA04219596C3008A3E1F /* Base */,
			);
			name = Main.storyboard;
			sourceTree = "<group>";
		};
		A503BA0B219596C5008A3E1F /* LaunchScreen.storyboard */ = {
			isa = PBXVariantGroup;
			children = (
				A503BA0C219596C5008A3E1F /* Base */,
			);
			name = LaunchScreen.storyboard;
			sourceTree = "<group>";
		};
/* End PBXVariantGroup section */

/* Begin XCBuildConfiguration section */
		A503BA0F219596C5008A3E1F /* Debug */ = {
			isa = XCBuildConfiguration;
			buildSettings = {
				ALWAYS_SEARCH_USER_PATHS = NO;
				CLANG_ANALYZER_NONNULL = YES;
				CLANG_ANALYZER_NUMBER_OBJECT_CONVERSION = YES_AGGRESSIVE;
				CLANG_CXX_LANGUAGE_STANDARD = "gnu++14";
				CLANG_CXX_LIBRARY = "libc++";
				CLANG_ENABLE_MODULES = YES;
				CLANG_ENABLE_OBJC_ARC = YES;
				CLANG_ENABLE_OBJC_WEAK = YES;
				CLANG_WARN_BLOCK_CAPTURE_AUTORELEASING = YES;
				CLANG_WARN_BOOL_CONVERSION = YES;
				CLANG_WARN_COMMA = YES;
				CLANG_WARN_CONSTANT_CONVERSION = YES;
				CLANG_WARN_DEPRECATED_OBJC_IMPLEMENTATIONS = YES;
				CLANG_WARN_DIRECT_OBJC_ISA_USAGE = YES_ERROR;
				CLANG_WARN_DOCUMENTATION_COMMENTS = YES;
				CLANG_WARN_EMPTY_BODY = YES;
				CLANG_WARN_ENUM_CONVERSION = YES;
				CLANG_WARN_INFINITE_RECURSION = YES;
				CLANG_WARN_INT_CONVERSION = YES;
				CLANG_WARN_NON_LITERAL_NULL_CONVERSION = YES;
				CLANG_WARN_OBJC_IMPLICIT_RETAIN_SELF = YES;
				CLANG_WARN_OBJC_LITERAL_CONVERSION = YES;
				CLANG_WARN_OBJC_ROOT_CLASS = YES_ERROR;
				CLANG_WARN_RANGE_LOOP_ANALYSIS = YES;
				CLANG_WARN_STRICT_PROTOTYPES = YES;
				CLANG_WARN_SUSPICIOUS_MOVE = YES;
				CLANG_WARN_UNGUARDED_AVAILABILITY = YES_AGGRESSIVE;
				CLANG_WARN_UNREACHABLE_CODE = YES;
				CLANG_WARN__DUPLICATE_METHOD_MATCH = YES;
				CODE_SIGN_IDENTITY = "iPhone Developer";
				COPY_PHASE_STRIP = NO;
				DEBUG_INFORMATION_FORMAT = dwarf;
				ENABLE_STRICT_OBJC_MSGSEND = YES;
				ENABLE_TESTABILITY = YES;
				GCC_C_LANGUAGE_STANDARD = gnu11;
				GCC_DYNAMIC_NO_PIC = NO;
				GCC_NO_COMMON_BLOCKS = YES;
				GCC_OPTIMIZATION_LEVEL = 0;
				GCC_PREPROCESSOR_DEFINITIONS = (
					"DEBUG=1",
					"$(inherited)",
				);
				GCC_WARN_64_TO_32_BIT_CONVERSION = YES;
				GCC_WARN_ABOUT_RETURN_TYPE = YES_ERROR;
				GCC_WARN_UNDECLARED_SELECTOR = YES;
				GCC_WARN_UNINITIALIZED_AUTOS = YES_AGGRESSIVE;
				GCC_WARN_UNUSED_FUNCTION = YES;
				GCC_WARN_UNUSED_VARIABLE = YES;
				IPHONEOS_DEPLOYMENT_TARGET = 12.0;
				MTL_ENABLE_DEBUG_INFO = INCLUDE_SOURCE;
				MTL_FAST_MATH = YES;
				ONLY_ACTIVE_ARCH = YES;
				SDKROOT = iphoneos;
				SWIFT_ACTIVE_COMPILATION_CONDITIONS = DEBUG;
				SWIFT_OPTIMIZATION_LEVEL = "-Onone";
			};
			name = Debug;
		};
		A503BA10219596C5008A3E1F /* Release */ = {
			isa = XCBuildConfiguration;
			buildSettings = {
				ALWAYS_SEARCH_USER_PATHS = NO;
				CLANG_ANALYZER_NONNULL = YES;
				CLANG_ANALYZER_NUMBER_OBJECT_CONVERSION = YES_AGGRESSIVE;
				CLANG_CXX_LANGUAGE_STANDARD = "gnu++14";
				CLANG_CXX_LIBRARY = "libc++";
				CLANG_ENABLE_MODULES = YES;
				CLANG_ENABLE_OBJC_ARC = YES;
				CLANG_ENABLE_OBJC_WEAK = YES;
				CLANG_WARN_BLOCK_CAPTURE_AUTORELEASING = YES;
				CLANG_WARN_BOOL_CONVERSION = YES;
				CLANG_WARN_COMMA = YES;
				CLANG_WARN_CONSTANT_CONVERSION = YES;
				CLANG_WARN_DEPRECATED_OBJC_IMPLEMENTATIONS = YES;
				CLANG_WARN_DIRECT_OBJC_ISA_USAGE = YES_ERROR;
				CLANG_WARN_DOCUMENTATION_COMMENTS = YES;
				CLANG_WARN_EMPTY_BODY = YES;
				CLANG_WARN_ENUM_CONVERSION = YES;
				CLANG_WARN_INFINITE_RECURSION = YES;
				CLANG_WARN_INT_CONVERSION = YES;
				CLANG_WARN_NON_LITERAL_NULL_CONVERSION = YES;
				CLANG_WARN_OBJC_IMPLICIT_RETAIN_SELF = YES;
				CLANG_WARN_OBJC_LITERAL_CONVERSION = YES;
				CLANG_WARN_OBJC_ROOT_CLASS = YES_ERROR;
				CLANG_WARN_RANGE_LOOP_ANALYSIS = YES;
				CLANG_WARN_STRICT_PROTOTYPES = YES;
				CLANG_WARN_SUSPICIOUS_MOVE = YES;
				CLANG_WARN_UNGUARDED_AVAILABILITY = YES_AGGRESSIVE;
				CLANG_WARN_UNREACHABLE_CODE = YES;
				CLANG_WARN__DUPLICATE_METHOD_MATCH = YES;
				CODE_SIGN_IDENTITY = "iPhone Developer";
				COPY_PHASE_STRIP = NO;
				DEBUG_INFORMATION_FORMAT = "dwarf-with-dsym";
				ENABLE_NS_ASSERTIONS = NO;
				ENABLE_STRICT_OBJC_MSGSEND = YES;
				GCC_C_LANGUAGE_STANDARD = gnu11;
				GCC_NO_COMMON_BLOCKS = YES;
				GCC_WARN_64_TO_32_BIT_CONVERSION = YES;
				GCC_WARN_ABOUT_RETURN_TYPE = YES_ERROR;
				GCC_WARN_UNDECLARED_SELECTOR = YES;
				GCC_WARN_UNINITIALIZED_AUTOS = YES_AGGRESSIVE;
				GCC_WARN_UNUSED_FUNCTION = YES;
				GCC_WARN_UNUSED_VARIABLE = YES;
				IPHONEOS_DEPLOYMENT_TARGET = 12.0;
				MTL_ENABLE_DEBUG_INFO = NO;
				MTL_FAST_MATH = YES;
				SDKROOT = iphoneos;
				SWIFT_COMPILATION_MODE = wholemodule;
				SWIFT_OPTIMIZATION_LEVEL = "-O";
				VALIDATE_PRODUCT = YES;
			};
			name = Release;
		};
		A503BA12219596C5008A3E1F /* Debug */ = {
			isa = XCBuildConfiguration;
			baseConfigurationReference = 33FA22852C4683DF57AA0F21 /* Pods-Widget.debug.xcconfig */;
			buildSettings = {
				ASSETCATALOG_COMPILER_APPICON_NAME = AppIcon;
				CODE_SIGN_STYLE = Automatic;
				DEVELOPMENT_TEAM = K87CQB5KVW;
				INFOPLIST_FILE = Widget/Info.plist;
				LD_RUNPATH_SEARCH_PATHS = (
					"$(inherited)",
					"@executable_path/Frameworks",
				);
				PRODUCT_BUNDLE_IDENTIFIER = com.renoy.Widget;
				PRODUCT_NAME = "$(TARGET_NAME)";
				SWIFT_VERSION = 4.2;
				TARGETED_DEVICE_FAMILY = "1,2";
			};
			name = Debug;
		};
		A503BA13219596C5008A3E1F /* Release */ = {
			isa = XCBuildConfiguration;
			baseConfigurationReference = 125C8E91B1A06D264891216E /* Pods-Widget.release.xcconfig */;
			buildSettings = {
				ASSETCATALOG_COMPILER_APPICON_NAME = AppIcon;
				CODE_SIGN_STYLE = Automatic;
				DEVELOPMENT_TEAM = K87CQB5KVW;
				INFOPLIST_FILE = Widget/Info.plist;
				LD_RUNPATH_SEARCH_PATHS = (
					"$(inherited)",
					"@executable_path/Frameworks",
				);
				PRODUCT_BUNDLE_IDENTIFIER = com.renoy.Widget;
				PRODUCT_NAME = "$(TARGET_NAME)";
				SWIFT_VERSION = 4.2;
				TARGETED_DEVICE_FAMILY = "1,2";
			};
			name = Release;
		};
/* End XCBuildConfiguration section */

/* Begin XCConfigurationList section */
		A503B9F7219596C3008A3E1F /* Build configuration list for PBXProject "Widget" */ = {
			isa = XCConfigurationList;
			buildConfigurations = (
				A503BA0F219596C5008A3E1F /* Debug */,
				A503BA10219596C5008A3E1F /* Release */,
			);
			defaultConfigurationIsVisible = 0;
			defaultConfigurationName = Release;
		};
		A503BA11219596C5008A3E1F /* Build configuration list for PBXNativeTarget "Widget" */ = {
			isa = XCConfigurationList;
			buildConfigurations = (
				A503BA12219596C5008A3E1F /* Debug */,
				A503BA13219596C5008A3E1F /* Release */,
			);
			defaultConfigurationIsVisible = 0;
			defaultConfigurationName = Release;
		};
/* End XCConfigurationList section */

/* Begin XCVersionGroup section */
		A503BA06219596C3008A3E1F /* Widget.xcdatamodeld */ = {
			isa = XCVersionGroup;
			children = (
				A503BA07219596C3008A3E1F /* Widget.xcdatamodel */,
			);
			currentVersion = A503BA07219596C3008A3E1F /* Widget.xcdatamodel */;
			path = Widget.xcdatamodeld;
			sourceTree = "<group>";
			versionGroupType = wrapper.xcdatamodel;
		};
/* End XCVersionGroup section */
	};
	rootObject = A503B9F4219596C3008A3E1F /* Project object */;
}
